
Microsoft Visual Studio Solution File, Format Version 12.00
# Visual Studio Version 16
VisualStudioVersion = 16.0.31205.134
MinimumVisualStudioVersion = 10.0.40219.1
Project("{FAE04EC0-301F-11D3-BF4B-00C04F79EFBC}") = "ListaDeConvidados", "ListaDeConvidados\ListaDeConvidados.csproj", "{B1ED6634-0D9B-4B2B-A051-873BF190BA88}"
EndProject
Global
	GlobalSection(SolutionConfigurationPlatforms) = preSolution
		Debug|Any CPU = Debug|Any CPU
		Release|Any CPU = Release|Any CPU
	EndGlobalSection
	GlobalSection(ProjectConfigurationPlatforms) = postSolution
		{B1ED6634-0D9B-4B2B-A051-873BF190BA88}.Debug|Any CPU.ActiveCfg = Debug|Any CPU
		{B1ED6634-0D9B-4B2B-A051-873BF190BA88}.Debug|Any CPU.Build.0 = Debug|Any CPU
		{B1ED6634-0D9B-4B2B-A051-873BF190BA88}.Release|Any CPU.ActiveCfg = Release|Any CPU
		{B1ED6634-0D9B-4B2B-A051-873BF190BA88}.Release|Any CPU.Build.0 = Release|Any CPU
	EndGlobalSection
	GlobalSection(SolutionProperties) = preSolution
		HideSolutionNode = FALSE
	EndGlobalSection
	GlobalSection(ExtensibilityGlobals) = postSolution
		SolutionGuid = {CB899AED-8882-459A-BF7C-14031F1DCA03}
	EndGlobalSection
EndGlobal
